// !$*UTF8*$!
{
	archiveVersion = 1;
	classes = {
	};
	objectVersion = 52;
	objects = {

/* Begin PBXBuildFile section */
		DD4EE3B7264BB18F00DC1B0D /* RepositoryCell.swift in Sources */ = {isa = PBXBuildFile; fileRef = DD4EE3B5264BB18F00DC1B0D /* RepositoryCell.swift */; };
		DD4EE3B8264BB18F00DC1B0D /* RepositoryCell.xib in Resources */ = {isa = PBXBuildFile; fileRef = DD4EE3B6264BB18F00DC1B0D /* RepositoryCell.xib */; };
		DD4EE3BB264BB1A200DC1B0D /* Owner.swift in Sources */ = {isa = PBXBuildFile; fileRef = DD4EE3BA264BB1A200DC1B0D /* Owner.swift */; };
		DD6CE7A3261DD7970066CDE7 /* AppDelegate.swift in Sources */ = {isa = PBXBuildFile; fileRef = DD6CE7A2261DD7970066CDE7 /* AppDelegate.swift */; };
		DD6CE7A5261DD7970066CDE7 /* SceneDelegate.swift in Sources */ = {isa = PBXBuildFile; fileRef = DD6CE7A4261DD7970066CDE7 /* SceneDelegate.swift */; };
		DD6CE7A7261DD7970066CDE7 /* ViewController.swift in Sources */ = {isa = PBXBuildFile; fileRef = DD6CE7A6261DD7970066CDE7 /* ViewController.swift */; };
		DD6CE7AA261DD7970066CDE7 /* Main.storyboard in Resources */ = {isa = PBXBuildFile; fileRef = DD6CE7A8261DD7970066CDE7 /* Main.storyboard */; };
		DD6CE7AC261DD7980066CDE7 /* Assets.xcassets in Resources */ = {isa = PBXBuildFile; fileRef = DD6CE7AB261DD7980066CDE7 /* Assets.xcassets */; };
		DD6CE7AF261DD7980066CDE7 /* LaunchScreen.storyboard in Resources */ = {isa = PBXBuildFile; fileRef = DD6CE7AD261DD7980066CDE7 /* LaunchScreen.storyboard */; };
		DD87A6C726398F2800497A60 /* RepositoryAPI.swift in Sources */ = {isa = PBXBuildFile; fileRef = DD87A6C626398F2800497A60 /* RepositoryAPI.swift */; };
		DDA7004B263BD2D80061C8F3 /* Repository.swift in Sources */ = {isa = PBXBuildFile; fileRef = DDA7004A263BD2D80061C8F3 /* Repository.swift */; };
		DDA7004E263BD5BD0061C8F3 /* APIError.swift in Sources */ = {isa = PBXBuildFile; fileRef = DDA7004D263BD5BD0061C8F3 /* APIError.swift */; };
		DDF5A0122630552100501CC1 /* Alamofire in Frameworks */ = {isa = PBXBuildFile; productRef = DDF5A0112630552100501CC1 /* Alamofire */; };
		DDF899C92667B1D4000545F8 /* secondViewController.swift in Sources */ = {isa = PBXBuildFile; fileRef = DDF899C82667B1D4000545F8 /* secondViewController.swift */; };
/* End PBXBuildFile section */

/* Begin PBXFileReference section */
		DD4EE3B5264BB18F00DC1B0D /* RepositoryCell.swift */ = {isa = PBXFileReference; lastKnownFileType = sourcecode.swift; path = RepositoryCell.swift; sourceTree = "<group>"; };
		DD4EE3B6264BB18F00DC1B0D /* RepositoryCell.xib */ = {isa = PBXFileReference; lastKnownFileType = file.xib; path = RepositoryCell.xib; sourceTree = "<group>"; };
		DD4EE3BA264BB1A200DC1B0D /* Owner.swift */ = {isa = PBXFileReference; lastKnownFileType = sourcecode.swift; path = Owner.swift; sourceTree = "<group>"; };
		DD6CE79F261DD7970066CDE7 /* app2021.app */ = {isa = PBXFileReference; explicitFileType = wrapper.application; includeInIndex = 0; path = app2021.app; sourceTree = BUILT_PRODUCTS_DIR; };
		DD6CE7A2261DD7970066CDE7 /* AppDelegate.swift */ = {isa = PBXFileReference; lastKnownFileType = sourcecode.swift; path = AppDelegate.swift; sourceTree = "<group>"; };
		DD6CE7A4261DD7970066CDE7 /* SceneDelegate.swift */ = {isa = PBXFileReference; lastKnownFileType = sourcecode.swift; path = SceneDelegate.swift; sourceTree = "<group>"; };
		DD6CE7A6261DD7970066CDE7 /* ViewController.swift */ = {isa = PBXFileReference; lastKnownFileType = sourcecode.swift; path = ViewController.swift; sourceTree = "<group>"; };
		DD6CE7A9261DD7970066CDE7 /* Base */ = {isa = PBXFileReference; lastKnownFileType = file.storyboard; name = Base; path = Base.lproj/Main.storyboard; sourceTree = "<group>"; };
		DD6CE7AB261DD7980066CDE7 /* Assets.xcassets */ = {isa = PBXFileReference; lastKnownFileType = folder.assetcatalog; path = Assets.xcassets; sourceTree = "<group>"; };
		DD6CE7AE261DD7980066CDE7 /* Base */ = {isa = PBXFileReference; lastKnownFileType = file.storyboard; name = Base; path = Base.lproj/LaunchScreen.storyboard; sourceTree = "<group>"; };
		DD6CE7B0261DD7980066CDE7 /* Info.plist */ = {isa = PBXFileReference; lastKnownFileType = text.plist.xml; path = Info.plist; sourceTree = "<group>"; };
		DD87A6C626398F2800497A60 /* RepositoryAPI.swift */ = {isa = PBXFileReference; lastKnownFileType = sourcecode.swift; path = RepositoryAPI.swift; sourceTree = "<group>"; };
		DDA7004A263BD2D80061C8F3 /* Repository.swift */ = {isa = PBXFileReference; lastKnownFileType = sourcecode.swift; path = Repository.swift; sourceTree = "<group>"; };
		DDA7004D263BD5BD0061C8F3 /* APIError.swift */ = {isa = PBXFileReference; lastKnownFileType = sourcecode.swift; path = APIError.swift; sourceTree = "<group>"; };
		DDF899C82667B1D4000545F8 /* secondViewController.swift */ = {isa = PBXFileReference; lastKnownFileType = sourcecode.swift; path = secondViewController.swift; sourceTree = "<group>"; };
/* End PBXFileReference section */

/* Begin PBXFrameworksBuildPhase section */
		DD6CE79C261DD7970066CDE7 /* Frameworks */ = {
			isa = PBXFrameworksBuildPhase;
			buildActionMask = 2147483647;
			files = (
				DDF5A0122630552100501CC1 /* Alamofire in Frameworks */,
			);
			runOnlyForDeploymentPostprocessing = 0;
		};
/* End PBXFrameworksBuildPhase section */

/* Begin PBXGroup section */
		DD6CE796261DD7960066CDE7 = {
			isa = PBXGroup;
			children = (
				DD6CE7A1261DD7970066CDE7 /* app2021 */,
				DD6CE7A0261DD7970066CDE7 /* Products */,
			);
			sourceTree = "<group>";
		};
		DD6CE7A0261DD7970066CDE7 /* Products */ = {
			isa = PBXGroup;
			children = (
				DD6CE79F261DD7970066CDE7 /* app2021.app */,
			);
			name = Products;
			sourceTree = "<group>";
		};
		DD6CE7A1261DD7970066CDE7 /* app2021 */ = {
			isa = PBXGroup;
			children = (
				DD6CE7A2261DD7970066CDE7 /* AppDelegate.swift */,
				DD6CE7A4261DD7970066CDE7 /* SceneDelegate.swift */,
				DD6CE7A6261DD7970066CDE7 /* ViewController.swift */,
				DD6CE7A8261DD7970066CDE7 /* Main.storyboard */,
				DDF899C82667B1D4000545F8 /* secondViewController.swift */,
				DD6CE7AB261DD7980066CDE7 /* Assets.xcassets */,
				DD6CE7AD261DD7980066CDE7 /* LaunchScreen.storyboard */,
				DD6CE7B0261DD7980066CDE7 /* Info.plist */,
				DDA7004A263BD2D80061C8F3 /* Repository.swift */,
				DD87A6C626398F2800497A60 /* RepositoryAPI.swift */,
				DDA7004D263BD5BD0061C8F3 /* APIError.swift */,
				DD4EE3B5264BB18F00DC1B0D /* RepositoryCell.swift */,
				DD4EE3B6264BB18F00DC1B0D /* RepositoryCell.xib */,
				DD4EE3BA264BB1A200DC1B0D /* Owner.swift */,
			);
			path = app2021;
			sourceTree = "<group>";
		};
/* End PBXGroup section */

/* Begin PBXNativeTarget section */
		DD6CE79E261DD7970066CDE7 /* app2021 */ = {
			isa = PBXNativeTarget;
			buildConfigurationList = DD6CE7B3261DD7980066CDE7 /* Build configuration list for PBXNativeTarget "app2021" */;
			buildPhases = (
				DD6CE79B261DD7970066CDE7 /* Sources */,
				DD6CE79C261DD7970066CDE7 /* Frameworks */,
				DD6CE79D261DD7970066CDE7 /* Resources */,
			);
			buildRules = (
			);
			dependencies = (
			);
			name = app2021;
			packageProductDependencies = (
				DDF5A0112630552100501CC1 /* Alamofire */,
			);
			productName = app2021;
			productReference = DD6CE79F261DD7970066CDE7 /* app2021.app */;
			productType = "com.apple.product-type.application";
		};
/* End PBXNativeTarget section */

/* Begin PBXProject section */
		DD6CE797261DD7960066CDE7 /* Project object */ = {
			isa = PBXProject;
			attributes = {
				LastSwiftUpdateCheck = 1240;
				LastUpgradeCheck = 1240;
				TargetAttributes = {
					DD6CE79E261DD7970066CDE7 = {
						CreatedOnToolsVersion = 12.4;
					};
				};
			};
			buildConfigurationList = DD6CE79A261DD7960066CDE7 /* Build configuration list for PBXProject "app2021" */;
			compatibilityVersion = "Xcode 9.3";
			developmentRegion = en;
			hasScannedForEncodings = 0;
			knownRegions = (
				en,
				Base,
			);
			mainGroup = DD6CE796261DD7960066CDE7;
			packageReferences = (
				DDF5A0102630552100501CC1 /* XCRemoteSwiftPackageReference "Alamofire" */,
			);
			productRefGroup = DD6CE7A0261DD7970066CDE7 /* Products */;
			projectDirPath = "";
			projectRoot = "";
			targets = (
				DD6CE79E261DD7970066CDE7 /* app2021 */,
			);
		};
/* End PBXProject section */

/* Begin PBXResourcesBuildPhase section */
		DD6CE79D261DD7970066CDE7 /* Resources */ = {
			isa = PBXResourcesBuildPhase;
			buildActionMask = 2147483647;
			files = (
				DD6CE7AF261DD7980066CDE7 /* LaunchScreen.storyboard in Resources */,
				DD6CE7AC261DD7980066CDE7 /* Assets.xcassets in Resources */,
				DD6CE7AA261DD7970066CDE7 /* Main.storyboard in Resources */,
				DD4EE3B8264BB18F00DC1B0D /* RepositoryCell.xib in Resources */,
			);
			runOnlyForDeploymentPostprocessing = 0;
		};
/* End PBXResourcesBuildPhase section */

/* Begin PBXSourcesBuildPhase section */
		DD6CE79B261DD7970066CDE7 /* Sources */ = {
			isa = PBXSourcesBuildPhase;
			buildActionMask = 2147483647;
			files = (
				DD87A6C726398F2800497A60 /* RepositoryAPI.swift in Sources */,
				DD4EE3BB264BB1A200DC1B0D /* Owner.swift in Sources */,
				DD4EE3B7264BB18F00DC1B0D /* RepositoryCell.swift in Sources */,
				DD6CE7A7261DD7970066CDE7 /* ViewController.swift in Sources */,
				DDA7004B263BD2D80061C8F3 /* Repository.swift in Sources */,
				DD6CE7A3261DD7970066CDE7 /* AppDelegate.swift in Sources */,
				DD6CE7A5261DD7970066CDE7 /* SceneDelegate.swift in Sources */,
				DDF899C92667B1D4000545F8 /* secondViewController.swift in Sources */,
				DDA7004E263BD5BD0061C8F3 /* APIError.swift in Sources */,
			);
			runOnlyForDeploymentPostprocessing = 0;
		};
/* End PBXSourcesBuildPhase section */

/* Begin PBXVariantGroup section */
		DD6CE7A8261DD7970066CDE7 /* Main.storyboard */ = {
			isa = PBXVariantGroup;
			children = (
				DD6CE7A9261DD7970066CDE7 /* Base */,
			);
			name = Main.storyboard;
			sourceTree = "<group>";
		};
		DD6CE7AD261DD7980066CDE7 /* LaunchScreen.storyboard */ = {
			isa = PBXVariantGroup;
			children = (
				DD6CE7AE261DD7980066CDE7 /* Base */,
			);
			name = LaunchScreen.storyboard;
			sourceTree = "<group>";
		};
/* End PBXVariantGroup section */

/* Begin XCBuildConfiguration section */
		DD6CE7B1261DD7980066CDE7 /* Debug */ = {
			isa = XCBuildConfiguration;
			buildSettings = {
				ALWAYS_SEARCH_USER_PATHS = NO;
				CLANG_ANALYZER_NONNULL = YES;
				CLANG_ANALYZER_NUMBER_OBJECT_CONVERSION = YES_AGGRESSIVE;
				CLANG_CXX_LANGUAGE_STANDARD = "gnu++14";
				CLANG_CXX_LIBRARY = "libc++";
				CLANG_ENABLE_MODULES = YES;
				CLANG_ENABLE_OBJC_ARC = YES;
				CLANG_ENABLE_OBJC_WEAK = YES;
				CLANG_WARN_BLOCK_CAPTURE_AUTORELEASING = YES;
				CLANG_WARN_BOOL_CONVERSION = YES;
				CLANG_WARN_COMMA = YES;
				CLANG_WARN_CONSTANT_CONVERSION = YES;
				CLANG_WARN_DEPRECATED_OBJC_IMPLEMENTATIONS = YES;
				CLANG_WARN_DIRECT_OBJC_ISA_USAGE = YES_ERROR;
				CLANG_WARN_DOCUMENTATION_COMMENTS = YES;
				CLANG_WARN_EMPTY_BODY = YES;
				CLANG_WARN_ENUM_CONVERSION = YES;
				CLANG_WARN_INFINITE_RECURSION = YES;
				CLANG_WARN_INT_CONVERSION = YES;
				CLANG_WARN_NON_LITERAL_NULL_CONVERSION = YES;
				CLANG_WARN_OBJC_IMPLICIT_RETAIN_SELF = YES;
				CLANG_WARN_OBJC_LITERAL_CONVERSION = YES;
				CLANG_WARN_OBJC_ROOT_CLASS = YES_ERROR;
				CLANG_WARN_QUOTED_INCLUDE_IN_FRAMEWORK_HEADER = YES;
				CLANG_WARN_RANGE_LOOP_ANALYSIS = YES;
				CLANG_WARN_STRICT_PROTOTYPES = YES;
				CLANG_WARN_SUSPICIOUS_MOVE = YES;
				CLANG_WARN_UNGUARDED_AVAILABILITY = YES_AGGRESSIVE;
				CLANG_WARN_UNREACHABLE_CODE = YES;
				CLANG_WARN__DUPLICATE_METHOD_MATCH = YES;
				COPY_PHASE_STRIP = NO;
				DEBUG_INFORMATION_FORMAT = dwarf;
				ENABLE_STRICT_OBJC_MSGSEND = YES;
				ENABLE_TESTABILITY = YES;
				GCC_C_LANGUAGE_STANDARD = gnu11;
				GCC_DYNAMIC_NO_PIC = NO;
				GCC_NO_COMMON_BLOCKS = YES;
				GCC_OPTIMIZATION_LEVEL = 0;
				GCC_PREPROCESSOR_DEFINITIONS = (
					"DEBUG=1",
					"$(inherited)",
				);
				GCC_WARN_64_TO_32_BIT_CONVERSION = YES;
				GCC_WARN_ABOUT_RETURN_TYPE = YES_ERROR;
				GCC_WARN_UNDECLARED_SELECTOR = YES;
				GCC_WARN_UNINITIALIZED_AUTOS = YES_AGGRESSIVE;
				GCC_WARN_UNUSED_FUNCTION = YES;
				GCC_WARN_UNUSED_VARIABLE = YES;
				IPHONEOS_DEPLOYMENT_TARGET = 14.4;
				MTL_ENABLE_DEBUG_INFO = INCLUDE_SOURCE;
				MTL_FAST_MATH = YES;
				ONLY_ACTIVE_ARCH = YES;
				SDKROOT = iphoneos;
				SWIFT_ACTIVE_COMPILATION_CONDITIONS = DEBUG;
				SWIFT_OPTIMIZATION_LEVEL = "-Onone";
			};
			name = Debug;
		};
		DD6CE7B2261DD7980066CDE7 /* Release */ = {
			isa = XCBuildConfiguration;
			buildSettings = {
				ALWAYS_SEARCH_USER_PATHS = NO;
				CLANG_ANALYZER_NONNULL = YES;
				CLANG_ANALYZER_NUMBER_OBJECT_CONVERSION = YES_AGGRESSIVE;
				CLANG_CXX_LANGUAGE_STANDARD = "gnu++14";
				CLANG_CXX_LIBRARY = "libc++";
				CLANG_ENABLE_MODULES = YES;
				CLANG_ENABLE_OBJC_ARC = YES;
				CLANG_ENABLE_OBJC_WEAK = YES;
				CLANG_WARN_BLOCK_CAPTURE_AUTORELEASING = YES;
				CLANG_WARN_BOOL_CONVERSION = YES;
				CLANG_WARN_COMMA = YES;
				CLANG_WARN_CONSTANT_CONVERSION = YES;
				CLANG_WARN_DEPRECATED_OBJC_IMPLEMENTATIONS = YES;
				CLANG_WARN_DIRECT_OBJC_ISA_USAGE = YES_ERROR;
				CLANG_WARN_DOCUMENTATION_COMMENTS = YES;
				CLANG_WARN_EMPTY_BODY = YES;
				CLANG_WARN_ENUM_CONVERSION = YES;
				CLANG_WARN_INFINITE_RECURSION = YES;
				CLANG_WARN_INT_CONVERSION = YES;
				CLANG_WARN_NON_LITERAL_NULL_CONVERSION = YES;
				CLANG_WARN_OBJC_IMPLICIT_RETAIN_SELF = YES;
				CLANG_WARN_OBJC_LITERAL_CONVERSION = YES;
				CLANG_WARN_OBJC_ROOT_CLASS = YES_ERROR;
				CLANG_WARN_QUOTED_INCLUDE_IN_FRAMEWORK_HEADER = YES;
				CLANG_WARN_RANGE_LOOP_ANALYSIS = YES;
				CLANG_WARN_STRICT_PROTOTYPES = YES;
				CLANG_WARN_SUSPICIOUS_MOVE = YES;
				CLANG_WARN_UNGUARDED_AVAILABILITY = YES_AGGRESSIVE;
				CLANG_WARN_UNREACHABLE_CODE = YES;
				CLANG_WARN__DUPLICATE_METHOD_MATCH = YES;
				COPY_PHASE_STRIP = NO;
				DEBUG_INFORMATION_FORMAT = "dwarf-with-dsym";
				ENABLE_NS_ASSERTIONS = NO;
				ENABLE_STRICT_OBJC_MSGSEND = YES;
				GCC_C_LANGUAGE_STANDARD = gnu11;
				GCC_NO_COMMON_BLOCKS = YES;
				GCC_WARN_64_TO_32_BIT_CONVERSION = YES;
				GCC_WARN_ABOUT_RETURN_TYPE = YES_ERROR;
				GCC_WARN_UNDECLARED_SELECTOR = YES;
				GCC_WARN_UNINITIALIZED_AUTOS = YES_AGGRESSIVE;
				GCC_WARN_UNUSED_FUNCTION = YES;
				GCC_WARN_UNUSED_VARIABLE = YES;
				IPHONEOS_DEPLOYMENT_TARGET = 14.4;
				MTL_ENABLE_DEBUG_INFO = NO;
				MTL_FAST_MATH = YES;
				SDKROOT = iphoneos;
				SWIFT_COMPILATION_MODE = wholemodule;
				SWIFT_OPTIMIZATION_LEVEL = "-O";
				VALIDATE_PRODUCT = YES;
			};
			name = Release;
		};
		DD6CE7B4261DD7980066CDE7 /* Debug */ = {
			isa = XCBuildConfiguration;
			buildSettings = {
				ASSETCATALOG_COMPILER_APPICON_NAME = AppIcon;
				ASSETCATALOG_COMPILER_GLOBAL_ACCENT_COLOR_NAME = AccentColor;
				CODE_SIGN_STYLE = Automatic;
				INFOPLIST_FILE = app2021/Info.plist;
				LD_RUNPATH_SEARCH_PATHS = (
					"$(inherited)",
					"@executable_path/Frameworks",
				);
				PRODUCT_BUNDLE_IDENTIFIER = f.onishi.app2021;
				PRODUCT_NAME = "$(TARGET_NAME)";
				SWIFT_VERSION = 5.0;
				TARGETED_DEVICE_FAMILY = "1,2";
			};
			name = Debug;
		};
		DD6CE7B5261DD7980066CDE7 /* Release */ = {
			isa = XCBuildConfiguration;
			buildSettings = {
				ASSETCATALOG_COMPILER_APPICON_NAME = AppIcon;
				ASSETCATALOG_COMPILER_GLOBAL_ACCENT_COLOR_NAME = AccentColor;
				CODE_SIGN_STYLE = Automatic;
				INFOPLIST_FILE = app2021/Info.plist;
				LD_RUNPATH_SEARCH_PATHS = (
					"$(inherited)",
					"@executable_path/Frameworks",
				);
				PRODUCT_BUNDLE_IDENTIFIER = f.onishi.app2021;
				PRODUCT_NAME = "$(TARGET_NAME)";
				SWIFT_VERSION = 5.0;
				TARGETED_DEVICE_FAMILY = "1,2";
			};
			name = Release;
		};
/* End XCBuildConfiguration section */

/* Begin XCConfigurationList section */
		DD6CE79A261DD7960066CDE7 /* Build configuration list for PBXProject "app2021" */ = {
			isa = XCConfigurationList;
			buildConfigurations = (
				DD6CE7B1261DD7980066CDE7 /* Debug */,
				DD6CE7B2261DD7980066CDE7 /* Release */,
			);
			defaultConfigurationIsVisible = 0;
			defaultConfigurationName = Release;
		};
		DD6CE7B3261DD7980066CDE7 /* Build configuration list for PBXNativeTarget "app2021" */ = {
			isa = XCConfigurationList;
			buildConfigurations = (
				DD6CE7B4261DD7980066CDE7 /* Debug */,
				DD6CE7B5261DD7980066CDE7 /* Release */,
			);
			defaultConfigurationIsVisible = 0;
			defaultConfigurationName = Release;
		};
/* End XCConfigurationList section */

/* Begin XCRemoteSwiftPackageReference section */
		DDF5A0102630552100501CC1 /* XCRemoteSwiftPackageReference "Alamofire" */ = {
			isa = XCRemoteSwiftPackageReference;
			repositoryURL = "https://github.com/Alamofire/Alamofire";
			requirement = {
				kind = upToNextMajorVersion;
				minimumVersion = 5.4.2;
			};
		};
/* End XCRemoteSwiftPackageReference section */

/* Begin XCSwiftPackageProductDependency section */
		DDF5A0112630552100501CC1 /* Alamofire */ = {
			isa = XCSwiftPackageProductDependency;
			package = DDF5A0102630552100501CC1 /* XCRemoteSwiftPackageReference "Alamofire" */;
			productName = Alamofire;
		};
/* End XCSwiftPackageProductDependency section */
	};
	rootObject = DD6CE797261DD7960066CDE7 /* Project object */;
}
